
Microsoft Visual Studio Solution File, Format Version 12.00
# Visual Studio 2012
Project("{FAE04EC0-301F-11D3-BF4B-00C04F79EFBC}") = "zines-easy-load-builder-module", "zines_easy_load_builder_module\zines-easy-load-builder-module.csproj", "{4842B88D-594D-4E78-B18F-3A149A9CE882}"
EndProject
Global
	GlobalSection(SolutionConfigurationPlatforms) = preSolution
		Debug|Any CPU = Debug|Any CPU
		Release|Any CPU = Release|Any CPU
	EndGlobalSection
	GlobalSection(ProjectConfigurationPlatforms) = postSolution
		{4842B88D-594D-4E78-B18F-3A149A9CE882}.Debug|Any CPU.ActiveCfg = Debug|Any CPU
		{4842B88D-594D-4E78-B18F-3A149A9CE882}.Debug|Any CPU.Build.0 = Debug|Any CPU
		{4842B88D-594D-4E78-B18F-3A149A9CE882}.Release|Any CPU.ActiveCfg = Release|Any CPU
		{4842B88D-594D-4E78-B18F-3A149A9CE882}.Release|Any CPU.Build.0 = Release|Any CPU
	EndGlobalSection
	GlobalSection(SolutionProperties) = preSolution
		HideSolutionNode = FALSE
	EndGlobalSection
EndGlobal
